// !$*UTF8*$!
{
	archiveVersion = 1;
	classes = {
	};
	objectVersion = 48;
	objects = {

/* Begin PBXBuildFile section */
		06730B67A9DE26D538750C73 /* Pods_SomeFramework.framework in Frameworks */ = {isa = PBXBuildFile; fileRef = 82BDE41193AC9CFAAA997A19 /* Pods_SomeFramework.framework */; };
		159583301F771694000D05F5 /* SomeFramework.framework in Frameworks */ = {isa = PBXBuildFile; fileRef = 159583261F771694000D05F5 /* SomeFramework.framework */; };
		159583351F771694000D05F5 /* SomeFrameworkTests.swift in Sources */ = {isa = PBXBuildFile; fileRef = 159583341F771694000D05F5 /* SomeFrameworkTests.swift */; };
		159583371F771694000D05F5 /* SomeFramework.h in Headers */ = {isa = PBXBuildFile; fileRef = 159583291F771694000D05F5 /* SomeFramework.h */; settings = {ATTRIBUTES = (Public, ); }; };
		159583421F771771000D05F5 /* SomeClass.swift in Sources */ = {isa = PBXBuildFile; fileRef = 159583411F771771000D05F5 /* SomeClass.swift */; };
/* End PBXBuildFile section */

/* Begin PBXContainerItemProxy section */
		159583311F771694000D05F5 /* PBXContainerItemProxy */ = {
			isa = PBXContainerItemProxy;
			containerPortal = 1595831D1F771694000D05F5 /* Project object */;
			proxyType = 1;
			remoteGlobalIDString = 159583251F771694000D05F5;
			remoteInfo = SomeFramework;
		};
/* End PBXContainerItemProxy section */

/* Begin PBXFileReference section */
		159583261F771694000D05F5 /* SomeFramework.framework */ = {isa = PBXFileReference; explicitFileType = wrapper.framework; includeInIndex = 0; path = SomeFramework.framework; sourceTree = BUILT_PRODUCTS_DIR; };
		159583291F771694000D05F5 /* SomeFramework.h */ = {isa = PBXFileReference; lastKnownFileType = sourcecode.c.h; path = SomeFramework.h; sourceTree = "<group>"; };
		1595832A1F771694000D05F5 /* Info.plist */ = {isa = PBXFileReference; lastKnownFileType = text.plist.xml; path = Info.plist; sourceTree = "<group>"; };
		1595832F1F771694000D05F5 /* SomeFrameworkTests.xctest */ = {isa = PBXFileReference; explicitFileType = wrapper.cfbundle; includeInIndex = 0; path = SomeFrameworkTests.xctest; sourceTree = BUILT_PRODUCTS_DIR; };
		159583341F771694000D05F5 /* SomeFrameworkTests.swift */ = {isa = PBXFileReference; lastKnownFileType = sourcecode.swift; path = SomeFrameworkTests.swift; sourceTree = "<group>"; };
		159583361F771694000D05F5 /* Info.plist */ = {isa = PBXFileReference; lastKnownFileType = text.plist.xml; path = Info.plist; sourceTree = "<group>"; };
		159583411F771771000D05F5 /* SomeClass.swift */ = {isa = PBXFileReference; lastKnownFileType = sourcecode.swift; path = SomeClass.swift; sourceTree = "<group>"; };
		82BDE41193AC9CFAAA997A19 /* Pods_SomeFramework.framework */ = {isa = PBXFileReference; explicitFileType = wrapper.framework; includeInIndex = 0; path = Pods_SomeFramework.framework; sourceTree = BUILT_PRODUCTS_DIR; };
		E0478E4FB4C6E4B158DE272A /* Pods-SomeFramework.release.xcconfig */ = {isa = PBXFileReference; includeInIndex = 1; lastKnownFileType = text.xcconfig; name = "Pods-SomeFramework.release.xcconfig"; path = "Pods/Target Support Files/Pods-SomeFramework/Pods-SomeFramework.release.xcconfig"; sourceTree = "<group>"; };
		E37195B7E0E83559051F825A /* Pods-SomeFramework.debug.xcconfig */ = {isa = PBXFileReference; includeInIndex = 1; lastKnownFileType = text.xcconfig; name = "Pods-SomeFramework.debug.xcconfig"; path = "Pods/Target Support Files/Pods-SomeFramework/Pods-SomeFramework.debug.xcconfig"; sourceTree = "<group>"; };
/* End PBXFileReference section */

/* Begin PBXFrameworksBuildPhase section */
		159583221F771694000D05F5 /* Frameworks */ = {
			isa = PBXFrameworksBuildPhase;
			buildActionMask = 2147483647;
			files = (
				06730B67A9DE26D538750C73 /* Pods_SomeFramework.framework in Frameworks */,
			);
			runOnlyForDeploymentPostprocessing = 0;
		};
		1595832C1F771694000D05F5 /* Frameworks */ = {
			isa = PBXFrameworksBuildPhase;
			buildActionMask = 2147483647;
			files = (
				159583301F771694000D05F5 /* SomeFramework.framework in Frameworks */,
			);
			runOnlyForDeploymentPostprocessing = 0;
		};
/* End PBXFrameworksBuildPhase section */

/* Begin PBXGroup section */
		1595831C1F771694000D05F5 = {
			isa = PBXGroup;
			children = (
				159583281F771694000D05F5 /* SomeFramework */,
				159583331F771694000D05F5 /* SomeFrameworkTests */,
				159583271F771694000D05F5 /* Products */,
				4CD0618D7A95138D4647D3B4 /* Pods */,
				328D750565434AEF20010286 /* Frameworks */,
			);
			sourceTree = "<group>";
		};
		159583271F771694000D05F5 /* Products */ = {
			isa = PBXGroup;
			children = (
				159583261F771694000D05F5 /* SomeFramework.framework */,
				1595832F1F771694000D05F5 /* SomeFrameworkTests.xctest */,
			);
			name = Products;
			sourceTree = "<group>";
		};
		159583281F771694000D05F5 /* SomeFramework */ = {
			isa = PBXGroup;
			children = (
				159583291F771694000D05F5 /* SomeFramework.h */,
				1595832A1F771694000D05F5 /* Info.plist */,
				159583411F771771000D05F5 /* SomeClass.swift */,
			);
			path = SomeFramework;
			sourceTree = "<group>";
		};
		159583331F771694000D05F5 /* SomeFrameworkTests */ = {
			isa = PBXGroup;
			children = (
				159583341F771694000D05F5 /* SomeFrameworkTests.swift */,
				159583361F771694000D05F5 /* Info.plist */,
			);
			path = SomeFrameworkTests;
			sourceTree = "<group>";
		};
		328D750565434AEF20010286 /* Frameworks */ = {
			isa = PBXGroup;
			children = (
				82BDE41193AC9CFAAA997A19 /* Pods_SomeFramework.framework */,
			);
			name = Frameworks;
			sourceTree = "<group>";
		};
		4CD0618D7A95138D4647D3B4 /* Pods */ = {
			isa = PBXGroup;
			children = (
				E37195B7E0E83559051F825A /* Pods-SomeFramework.debug.xcconfig */,
				E0478E4FB4C6E4B158DE272A /* Pods-SomeFramework.release.xcconfig */,
			);
			name = Pods;
			sourceTree = "<group>";
		};
/* End PBXGroup section */

/* Begin PBXHeadersBuildPhase section */
		159583231F771694000D05F5 /* Headers */ = {
			isa = PBXHeadersBuildPhase;
			buildActionMask = 2147483647;
			files = (
				159583371F771694000D05F5 /* SomeFramework.h in Headers */,
			);
			runOnlyForDeploymentPostprocessing = 0;
		};
/* End PBXHeadersBuildPhase section */

/* Begin PBXNativeTarget section */
		159583251F771694000D05F5 /* SomeFramework */ = {
			isa = PBXNativeTarget;
			buildConfigurationList = 1595833A1F771694000D05F5 /* Build configuration list for PBXNativeTarget "SomeFramework" */;
			buildPhases = (
				F98F937BA242CC48BD5D0F3C /* [CP] Check Pods Manifest.lock */,
				159583211F771694000D05F5 /* Sources */,
				159583221F771694000D05F5 /* Frameworks */,
				159583231F771694000D05F5 /* Headers */,
				159583241F771694000D05F5 /* Resources */,
				DCE2BD3FF13811D0C2FCBF47 /* [CP] Copy Pods Resources */,
			);
			buildRules = (
			);
			dependencies = (
			);
			name = SomeFramework;
			productName = SomeFramework;
			productReference = 159583261F771694000D05F5 /* SomeFramework.framework */;
			productType = "com.apple.product-type.framework";
		};
		1595832E1F771694000D05F5 /* SomeFrameworkTests */ = {
			isa = PBXNativeTarget;
			buildConfigurationList = 1595833D1F771694000D05F5 /* Build configuration list for PBXNativeTarget "SomeFrameworkTests" */;
			buildPhases = (
				1595832B1F771694000D05F5 /* Sources */,
				1595832C1F771694000D05F5 /* Frameworks */,
				1595832D1F771694000D05F5 /* Resources */,
			);
			buildRules = (
			);
			dependencies = (
				159583321F771694000D05F5 /* PBXTargetDependency */,
			);
			name = SomeFrameworkTests;
			productName = SomeFrameworkTests;
			productReference = 1595832F1F771694000D05F5 /* SomeFrameworkTests.xctest */;
			productType = "com.apple.product-type.bundle.unit-test";
		};
/* End PBXNativeTarget section */

/* Begin PBXProject section */
		1595831D1F771694000D05F5 /* Project object */ = {
			isa = PBXProject;
			attributes = {
				LastSwiftUpdateCheck = 0900;
				LastUpgradeCheck = 0900;
				ORGANIZATIONNAME = Carvana;
				TargetAttributes = {
					159583251F771694000D05F5 = {
						CreatedOnToolsVersion = 9.0;
						LastSwiftMigration = 0900;
						ProvisioningStyle = Automatic;
					};
					1595832E1F771694000D05F5 = {
						CreatedOnToolsVersion = 9.0;
						ProvisioningStyle = Automatic;
					};
				};
			};
			buildConfigurationList = 159583201F771694000D05F5 /* Build configuration list for PBXProject "SomeFramework" */;
			compatibilityVersion = "Xcode 8.0";
			developmentRegion = en;
			hasScannedForEncodings = 0;
			knownRegions = (
				en,
			);
			mainGroup = 1595831C1F771694000D05F5;
			productRefGroup = 159583271F771694000D05F5 /* Products */;
			projectDirPath = "";
			projectRoot = "";
			targets = (
				159583251F771694000D05F5 /* SomeFramework */,
				1595832E1F771694000D05F5 /* SomeFrameworkTests */,
			);
		};
/* End PBXProject section */

/* Begin PBXResourcesBuildPhase section */
		159583241F771694000D05F5 /* Resources */ = {
			isa = PBXResourcesBuildPhase;
			buildActionMask = 2147483647;
			files = (
			);
			runOnlyForDeploymentPostprocessing = 0;
		};
		1595832D1F771694000D05F5 /* Resources */ = {
			isa = PBXResourcesBuildPhase;
			buildActionMask = 2147483647;
			files = (
			);
			runOnlyForDeploymentPostprocessing = 0;
		};
/* End PBXResourcesBuildPhase section */

/* Begin PBXShellScriptBuildPhase section */
		DCE2BD3FF13811D0C2FCBF47 /* [CP] Copy Pods Resources */ = {
			isa = PBXShellScriptBuildPhase;
			buildActionMask = 2147483647;
			files = (
			);
			inputPaths = (
			);
			name = "[CP] Copy Pods Resources";
			outputPaths = (
			);
			runOnlyForDeploymentPostprocessing = 0;
			shellPath = /bin/sh;
			shellScript = "\"${SRCROOT}/Pods/Target Support Files/Pods-SomeFramework/Pods-SomeFramework-resources.sh\"\n";
			showEnvVarsInLog = 0;
		};
		F98F937BA242CC48BD5D0F3C /* [CP] Check Pods Manifest.lock */ = {
			isa = PBXShellScriptBuildPhase;
			buildActionMask = 2147483647;
			files = (
			);
			inputPaths = (
				"${PODS_PODFILE_DIR_PATH}/Podfile.lock",
				"${PODS_ROOT}/Manifest.lock",
			);
			name = "[CP] Check Pods Manifest.lock";
			outputPaths = (
				"$(DERIVED_FILE_DIR)/Pods-SomeFramework-checkManifestLockResult.txt",
			);
			runOnlyForDeploymentPostprocessing = 0;
			shellPath = /bin/sh;
			shellScript = "diff \"${PODS_PODFILE_DIR_PATH}/Podfile.lock\" \"${PODS_ROOT}/Manifest.lock\" > /dev/null\nif [ $? != 0 ] ; then\n    # print error to STDERR\n    echo \"error: The sandbox is not in sync with the Podfile.lock. Run 'pod install' or update your CocoaPods installation.\" >&2\n    exit 1\nfi\n# This output is used by Xcode 'outputs' to avoid re-running this script phase.\necho \"SUCCESS\" > \"${SCRIPT_OUTPUT_FILE_0}\"\n";
			showEnvVarsInLog = 0;
		};
/* End PBXShellScriptBuildPhase section */

/* Begin PBXSourcesBuildPhase section */
		159583211F771694000D05F5 /* Sources */ = {
			isa = PBXSourcesBuildPhase;
			buildActionMask = 2147483647;
			files = (
				159583421F771771000D05F5 /* SomeClass.swift in Sources */,
			);
			runOnlyForDeploymentPostprocessing = 0;
		};
		1595832B1F771694000D05F5 /* Sources */ = {
			isa = PBXSourcesBuildPhase;
			buildActionMask = 2147483647;
			files = (
				159583351F771694000D05F5 /* SomeFrameworkTests.swift in Sources */,
			);
			runOnlyForDeploymentPostprocessing = 0;
		};
/* End PBXSourcesBuildPhase section */

/* Begin PBXTargetDependency section */
		159583321F771694000D05F5 /* PBXTargetDependency */ = {
			isa = PBXTargetDependency;
			target = 159583251F771694000D05F5 /* SomeFramework */;
			targetProxy = 159583311F771694000D05F5 /* PBXContainerItemProxy */;
		};
/* End PBXTargetDependency section */

/* Begin XCBuildConfiguration section */
		159583381F771694000D05F5 /* Debug */ = {
			isa = XCBuildConfiguration;
			buildSettings = {
				ALWAYS_SEARCH_USER_PATHS = NO;
				CLANG_ANALYZER_NONNULL = YES;
				CLANG_ANALYZER_NUMBER_OBJECT_CONVERSION = YES_AGGRESSIVE;
				CLANG_CXX_LANGUAGE_STANDARD = "gnu++14";
				CLANG_CXX_LIBRARY = "libc++";
				CLANG_ENABLE_MODULES = YES;
				CLANG_ENABLE_OBJC_ARC = YES;
				CLANG_WARN_BLOCK_CAPTURE_AUTORELEASING = YES;
				CLANG_WARN_BOOL_CONVERSION = YES;
				CLANG_WARN_COMMA = YES;
				CLANG_WARN_CONSTANT_CONVERSION = YES;
				CLANG_WARN_DIRECT_OBJC_ISA_USAGE = YES_ERROR;
				CLANG_WARN_DOCUMENTATION_COMMENTS = YES;
				CLANG_WARN_EMPTY_BODY = YES;
				CLANG_WARN_ENUM_CONVERSION = YES;
				CLANG_WARN_INFINITE_RECURSION = YES;
				CLANG_WARN_INT_CONVERSION = YES;
				CLANG_WARN_NON_LITERAL_NULL_CONVERSION = YES;
				CLANG_WARN_OBJC_LITERAL_CONVERSION = YES;
				CLANG_WARN_OBJC_ROOT_CLASS = YES_ERROR;
				CLANG_WARN_RANGE_LOOP_ANALYSIS = YES;
				CLANG_WARN_STRICT_PROTOTYPES = YES;
				CLANG_WARN_SUSPICIOUS_MOVE = YES;
				CLANG_WARN_UNGUARDED_AVAILABILITY = YES_AGGRESSIVE;
				CLANG_WARN_UNREACHABLE_CODE = YES;
				CLANG_WARN__DUPLICATE_METHOD_MATCH = YES;
				CODE_SIGN_IDENTITY = "iPhone Developer";
				COPY_PHASE_STRIP = NO;
				CURRENT_PROJECT_VERSION = 1;
				DEBUG_INFORMATION_FORMAT = dwarf;
				ENABLE_STRICT_OBJC_MSGSEND = YES;
				ENABLE_TESTABILITY = YES;
				GCC_C_LANGUAGE_STANDARD = gnu11;
				GCC_DYNAMIC_NO_PIC = NO;
				GCC_NO_COMMON_BLOCKS = YES;
				GCC_OPTIMIZATION_LEVEL = 0;
				GCC_PREPROCESSOR_DEFINITIONS = (
					"DEBUG=1",
					"$(inherited)",
				);
				GCC_WARN_64_TO_32_BIT_CONVERSION = YES;
				GCC_WARN_ABOUT_RETURN_TYPE = YES_ERROR;
				GCC_WARN_UNDECLARED_SELECTOR = YES;
				GCC_WARN_UNINITIALIZED_AUTOS = YES_AGGRESSIVE;
				GCC_WARN_UNUSED_FUNCTION = YES;
				GCC_WARN_UNUSED_VARIABLE = YES;
				IPHONEOS_DEPLOYMENT_TARGET = 11.0;
				MTL_ENABLE_DEBUG_INFO = YES;
				ONLY_ACTIVE_ARCH = YES;
				SDKROOT = iphoneos;
				SWIFT_ACTIVE_COMPILATION_CONDITIONS = DEBUG;
				SWIFT_OPTIMIZATION_LEVEL = "-Onone";
				VERSIONING_SYSTEM = "apple-generic";
				VERSION_INFO_PREFIX = "";
			};
			name = Debug;
		};
		159583391F771694000D05F5 /* Release */ = {
			isa = XCBuildConfiguration;
			buildSettings = {
				ALWAYS_SEARCH_USER_PATHS = NO;
				CLANG_ANALYZER_NONNULL = YES;
				CLANG_ANALYZER_NUMBER_OBJECT_CONVERSION = YES_AGGRESSIVE;
				CLANG_CXX_LANGUAGE_STANDARD = "gnu++14";
				CLANG_CXX_LIBRARY = "libc++";
				CLANG_ENABLE_MODULES = YES;
				CLANG_ENABLE_OBJC_ARC = YES;
				CLANG_WARN_BLOCK_CAPTURE_AUTORELEASING = YES;
				CLANG_WARN_BOOL_CONVERSION = YES;
				CLANG_WARN_COMMA = YES;
				CLANG_WARN_CONSTANT_CONVERSION = YES;
				CLANG_WARN_DIRECT_OBJC_ISA_USAGE = YES_ERROR;
				CLANG_WARN_DOCUMENTATION_COMMENTS = YES;
				CLANG_WARN_EMPTY_BODY = YES;
				CLANG_WARN_ENUM_CONVERSION = YES;
				CLANG_WARN_INFINITE_RECURSION = YES;
				CLANG_WARN_INT_CONVERSION = YES;
				CLANG_WARN_NON_LITERAL_NULL_CONVERSION = YES;
				CLANG_WARN_OBJC_LITERAL_CONVERSION = YES;
				CLANG_WARN_OBJC_ROOT_CLASS = YES_ERROR;
				CLANG_WARN_RANGE_LOOP_ANALYSIS = YES;
				CLANG_WARN_STRICT_PROTOTYPES = YES;
				CLANG_WARN_SUSPICIOUS_MOVE = YES;
				CLANG_WARN_UNGUARDED_AVAILABILITY = YES_AGGRESSIVE;
				CLANG_WARN_UNREACHABLE_CODE = YES;
				CLANG_WARN__DUPLICATE_METHOD_MATCH = YES;
				CODE_SIGN_IDENTITY = "iPhone Developer";
				COPY_PHASE_STRIP = NO;
				CURRENT_PROJECT_VERSION = 1;
				DEBUG_INFORMATION_FORMAT = "dwarf-with-dsym";
				ENABLE_NS_ASSERTIONS = NO;
				ENABLE_STRICT_OBJC_MSGSEND = YES;
				GCC_C_LANGUAGE_STANDARD = gnu11;
				GCC_NO_COMMON_BLOCKS = YES;
				GCC_WARN_64_TO_32_BIT_CONVERSION = YES;
				GCC_WARN_ABOUT_RETURN_TYPE = YES_ERROR;
				GCC_WARN_UNDECLARED_SELECTOR = YES;
				GCC_WARN_UNINITIALIZED_AUTOS = YES_AGGRESSIVE;
				GCC_WARN_UNUSED_FUNCTION = YES;
				GCC_WARN_UNUSED_VARIABLE = YES;
				IPHONEOS_DEPLOYMENT_TARGET = 11.0;
				MTL_ENABLE_DEBUG_INFO = NO;
				SDKROOT = iphoneos;
				SWIFT_OPTIMIZATION_LEVEL = "-Owholemodule";
				VALIDATE_PRODUCT = YES;
				VERSIONING_SYSTEM = "apple-generic";
				VERSION_INFO_PREFIX = "";
			};
			name = Release;
		};
		1595833B1F771694000D05F5 /* Debug */ = {
			isa = XCBuildConfiguration;
			baseConfigurationReference = E37195B7E0E83559051F825A /* Pods-SomeFramework.debug.xcconfig */;
			buildSettings = {
				CLANG_ENABLE_MODULES = YES;
				CODE_SIGN_IDENTITY = "";
				CODE_SIGN_STYLE = Automatic;
				DEFINES_MODULE = YES;
				DYLIB_COMPATIBILITY_VERSION = 1;
				DYLIB_CURRENT_VERSION = 1;
				DYLIB_INSTALL_NAME_BASE = "@rpath";
				INFOPLIST_FILE = SomeFramework/Info.plist;
				INSTALL_PATH = "$(LOCAL_LIBRARY_DIR)/Frameworks";
				LD_RUNPATH_SEARCH_PATHS = "$(inherited) @executable_path/Frameworks @loader_path/Frameworks";
				PRODUCT_BUNDLE_IDENTIFIER = com.carvana.SomeFramework;
				PRODUCT_NAME = "$(TARGET_NAME:c99extidentifier)";
				SKIP_INSTALL = YES;
				SWIFT_OPTIMIZATION_LEVEL = "-Onone";
				SWIFT_VERSION = 4.0;
				TARGETED_DEVICE_FAMILY = "1,2";
			};
			name = Debug;
		};
		1595833C1F771694000D05F5 /* Release */ = {
			isa = XCBuildConfiguration;
			baseConfigurationReference = E0478E4FB4C6E4B158DE272A /* Pods-SomeFramework.release.xcconfig */;
			buildSettings = {
				CLANG_ENABLE_MODULES = YES;
				CODE_SIGN_IDENTITY = "";
				CODE_SIGN_STYLE = Automatic;
				DEFINES_MODULE = YES;
				DYLIB_COMPATIBILITY_VERSION = 1;
				DYLIB_CURRENT_VERSION = 1;
				DYLIB_INSTALL_NAME_BASE = "@rpath";
				INFOPLIST_FILE = SomeFramework/Info.plist;
				INSTALL_PATH = "$(LOCAL_LIBRARY_DIR)/Frameworks";
				LD_RUNPATH_SEARCH_PATHS = "$(inherited) @executable_path/Frameworks @loader_path/Frameworks";
				PRODUCT_BUNDLE_IDENTIFIER = com.carvana.SomeFramework;
				PRODUCT_NAME = "$(TARGET_NAME:c99extidentifier)";
				SKIP_INSTALL = YES;
				SWIFT_VERSION = 4.0;
				TARGETED_DEVICE_FAMILY = "1,2";
			};
			name = Release;
		};
		1595833E1F771694000D05F5 /* Debug */ = {
			isa = XCBuildConfiguration;
			buildSettings = {
				ALWAYS_EMBED_SWIFT_STANDARD_LIBRARIES = YES;
				CODE_SIGN_STYLE = Automatic;
				INFOPLIST_FILE = SomeFrameworkTests/Info.plist;
				LD_RUNPATH_SEARCH_PATHS = "$(inherited) @executable_path/Frameworks @loader_path/Frameworks";
				PRODUCT_BUNDLE_IDENTIFIER = com.carvana.SomeFrameworkTests;
				PRODUCT_NAME = "$(TARGET_NAME)";
				SWIFT_VERSION = 4.0;
				TARGETED_DEVICE_FAMILY = "1,2";
			};
			name = Debug;
		};
		1595833F1F771694000D05F5 /* Release */ = {
			isa = XCBuildConfiguration;
			buildSettings = {
				ALWAYS_EMBED_SWIFT_STANDARD_LIBRARIES = YES;
				CODE_SIGN_STYLE = Automatic;
				INFOPLIST_FILE = SomeFrameworkTests/Info.plist;
				LD_RUNPATH_SEARCH_PATHS = "$(inherited) @executable_path/Frameworks @loader_path/Frameworks";
				PRODUCT_BUNDLE_IDENTIFIER = com.carvana.SomeFrameworkTests;
				PRODUCT_NAME = "$(TARGET_NAME)";
				SWIFT_VERSION = 4.0;
				TARGETED_DEVICE_FAMILY = "1,2";
			};
			name = Release;
		};
/* End XCBuildConfiguration section */

/* Begin XCConfigurationList section */
		159583201F771694000D05F5 /* Build configuration list for PBXProject "SomeFramework" */ = {
			isa = XCConfigurationList;
			buildConfigurations = (
				159583381F771694000D05F5 /* Debug */,
				159583391F771694000D05F5 /* Release */,
			);
			defaultConfigurationIsVisible = 0;
			defaultConfigurationName = Release;
		};
		1595833A1F771694000D05F5 /* Build configuration list for PBXNativeTarget "SomeFramework" */ = {
			isa = XCConfigurationList;
			buildConfigurations = (
				1595833B1F771694000D05F5 /* Debug */,
				1595833C1F771694000D05F5 /* Release */,
			);
			defaultConfigurationIsVisible = 0;
			defaultConfigurationName = Release;
		};
		1595833D1F771694000D05F5 /* Build configuration list for PBXNativeTarget "SomeFrameworkTests" */ = {
			isa = XCConfigurationList;
			buildConfigurations = (
				1595833E1F771694000D05F5 /* Debug */,
				1595833F1F771694000D05F5 /* Release */,
			);
			defaultConfigurationIsVisible = 0;
			defaultConfigurationName = Release;
		};
/* End XCConfigurationList section */
	};
	rootObject = 1595831D1F771694000D05F5 /* Project object */;
}
